Microsoft Visual Studio Solution File, Format Version 12.00
# Visual Studio Version 17
VisualStudioVersion = 17.5.2.0
MinimumVisualStudioVersion = 10.0.40219.1
Project("{FAE04EC0-301F-11D3-BF4B-00C04F79EFBC}") = "CardGameApi", "CardGameApi.csproj", "{FD103FCC-E7F3-9BE6-93CF-908A9AD557F5}"
EndProject
Global
	GlobalSection(SolutionConfigurationPlatforms) = preSolution
		Debug|Any CPU = Debug|Any CPU
		Release|Any CPU = Release|Any CPU
	EndGlobalSection
	GlobalSection(ProjectConfigurationPlatforms) = postSolution
		{FD103FCC-E7F3-9BE6-93CF-908A9AD557F5}.Debug|Any CPU.ActiveCfg = Debug|Any CPU
		{FD103FCC-E7F3-9BE6-93CF-908A9AD557F5}.Debug|Any CPU.Build.0 = Debug|Any CPU
		{FD103FCC-E7F3-9BE6-93CF-908A9AD557F5}.Release|Any CPU.ActiveCfg = Release|Any CPU
		{FD103FCC-E7F3-9BE6-93CF-908A9AD557F5}.Release|Any CPU.Build.0 = Release|Any CPU
	EndGlobalSection
	GlobalSection(SolutionProperties) = preSolution
		HideSolutionNode = FALSE
	EndGlobalSection
	GlobalSection(ExtensibilityGlobals) = postSolution
		SolutionGuid = {2ECCB620-D383-45BB-8233-E9211252EEA2}
	EndGlobalSection
EndGlobal
